// !$*UTF8*$!
{
	archiveVersion = 1;
	classes = {
	};
	objectVersion = 46;
	objects = {

/* Begin PBXBuildFile section */
		17148E31132044BA00552034 /* UIKit.framework in Frameworks */ = {isa = PBXBuildFile; fileRef = 17148E30132044BA00552034 /* UIKit.framework */; };
		17148E33132044BA00552034 /* Foundation.framework in Frameworks */ = {isa = PBXBuildFile; fileRef = 17148E32132044BA00552034 /* Foundation.framework */; };
		17148E35132044BA00552034 /* CoreGraphics.framework in Frameworks */ = {isa = PBXBuildFile; fileRef = 17148E34132044BA00552034 /* CoreGraphics.framework */; };
		17148E3B132044BA00552034 /* InfoPlist.strings in Resources */ = {isa = PBXBuildFile; fileRef = 17148E39132044BA00552034 /* InfoPlist.strings */; };
		17148E3E132044BA00552034 /* main.m in Sources */ = {isa = PBXBuildFile; fileRef = 17148E3D132044BA00552034 /* main.m */; };
		17148E41132044BA00552034 /* MangaAppDelegate.m in Sources */ = {isa = PBXBuildFile; fileRef = 17148E40132044BA00552034 /* MangaAppDelegate.m */; };
		17148E44132044BA00552034 /* MainWindow.xib in Resources */ = {isa = PBXBuildFile; fileRef = 17148E42132044BA00552034 /* MainWindow.xib */; };
		17148E47132044BA00552034 /* RootViewController.m in Sources */ = {isa = PBXBuildFile; fileRef = 17148E46132044BA00552034 /* RootViewController.m */; };
		17148E4A132044BA00552034 /* RootViewController.xib in Resources */ = {isa = PBXBuildFile; fileRef = 17148E48132044BA00552034 /* RootViewController.xib */; };
		1723B5331354D35A009FB2EA /* appbg.png in Resources */ = {isa = PBXBuildFile; fileRef = 1723B5321354D35A009FB2EA /* appbg.png */; };
		1723B5361354D94C009FB2EA /* headerbar.png in Resources */ = {isa = PBXBuildFile; fileRef = 1723B5351354D94C009FB2EA /* headerbar.png */; };
		172C165413423A7D00495BDD /* MangaViewController.m in Sources */ = {isa = PBXBuildFile; fileRef = 172C165213423A7D00495BDD /* MangaViewController.m */; };
		172C165513423A7D00495BDD /* MangaViewController.xib in Resources */ = {isa = PBXBuildFile; fileRef = 172C165313423A7D00495BDD /* MangaViewController.xib */; };
		172F36FB1354CF2800125CFB /* Default@2x.png in Resources */ = {isa = PBXBuildFile; fileRef = 172F36FA1354CF2800125CFB /* Default@2x.png */; };
		172F36FE1354CF5800125CFB /* imageloading@2x.png in Resources */ = {isa = PBXBuildFile; fileRef = 172F36FD1354CF5800125CFB /* imageloading@2x.png */; };
		1730D5EF132D7B6D00923309 /* FileUtils.m in Sources */ = {isa = PBXBuildFile; fileRef = 1730D5EE132D7B6D00923309 /* FileUtils.m */; };
		1730D5F3132D839100923309 /* loading.png in Resources */ = {isa = PBXBuildFile; fileRef = 1730D5F2132D839100923309 /* loading.png */; };
		173F23991332ABA2003647F0 /* ReadMangaViewController.m in Sources */ = {isa = PBXBuildFile; fileRef = 173F23971332ABA2003647F0 /* ReadMangaViewController.m */; };
		173F239A1332ABA2003647F0 /* ReadMangaViewController.xib in Resources */ = {isa = PBXBuildFile; fileRef = 173F23981332ABA2003647F0 /* ReadMangaViewController.xib */; };
		174CC774132FED60002B4589 /* Icon@2x.png in Resources */ = {isa = PBXBuildFile; fileRef = 174CC773132FED60002B4589 /* Icon@2x.png */; };
		174CC776132FED6A002B4589 /* Icon.png in Resources */ = {isa = PBXBuildFile; fileRef = 174CC775132FED6A002B4589 /* Icon.png */; };
		17543A68135B895300723919 /* LeavesCache.m in Sources */ = {isa = PBXBuildFile; fileRef = 17543A63135B895300723919 /* LeavesCache.m */; };
		17543A69135B895300723919 /* LeavesView.m in Sources */ = {isa = PBXBuildFile; fileRef = 17543A65135B895300723919 /* LeavesView.m */; };
		17543A6A135B895300723919 /* LeavesViewController.m in Sources */ = {isa = PBXBuildFile; fileRef = 17543A67135B895300723919 /* LeavesViewController.m */; };
		178B495B132E626200C2661F /* MangaDetailView.m in Sources */ = {isa = PBXBuildFile; fileRef = 178B495A132E626200C2661F /* MangaDetailView.m */; };
		178B4963132E63F100C2661F /* QuartzCore.framework in Frameworks */ = {isa = PBXBuildFile; fileRef = 178B4962132E63F100C2661F /* QuartzCore.framework */; };
		17A5231B1337A2ED00F881FB /* ReadMeDetailView.m in Sources */ = {isa = PBXBuildFile; fileRef = 17A5231A1337A2ED00F881FB /* ReadMeDetailView.m */; };
		17A800B8132EA22400AEB472 /* ioapi.c in Sources */ = {isa = PBXBuildFile; fileRef = 17A8008E132EA22300AEB472 /* ioapi.c */; };
		17A800B9132EA22400AEB472 /* mztools.c in Sources */ = {isa = PBXBuildFile; fileRef = 17A80090132EA22300AEB472 /* mztools.c */; };
		17A800BA132EA22400AEB472 /* unzip.c in Sources */ = {isa = PBXBuildFile; fileRef = 17A80092132EA22300AEB472 /* unzip.c */; };
		17A800BB132EA22400AEB472 /* zip.c in Sources */ = {isa = PBXBuildFile; fileRef = 17A80094132EA22400AEB472 /* zip.c */; };
		17A800BC132EA22400AEB472 /* FileInZipInfo.m in Sources */ = {isa = PBXBuildFile; fileRef = 17A80098132EA22400AEB472 /* FileInZipInfo.m */; };
		17A800BD132EA22400AEB472 /* ZipException.m in Sources */ = {isa = PBXBuildFile; fileRef = 17A8009A132EA22400AEB472 /* ZipException.m */; };
		17A800BE132EA22400AEB472 /* ZipFile.m in Sources */ = {isa = PBXBuildFile; fileRef = 17A8009C132EA22400AEB472 /* ZipFile.m */; };
		17A800BF132EA22400AEB472 /* ZipReadStream.m in Sources */ = {isa = PBXBuildFile; fileRef = 17A8009E132EA22400AEB472 /* ZipReadStream.m */; };
		17A800C0132EA22400AEB472 /* ZipWriteStream.m in Sources */ = {isa = PBXBuildFile; fileRef = 17A800A0132EA22400AEB472 /* ZipWriteStream.m */; };
		17A800C1132EA22400AEB472 /* adler32.c in Sources */ = {isa = PBXBuildFile; fileRef = 17A800A2132EA22400AEB472 /* adler32.c */; };
		17A800C2132EA22400AEB472 /* compress.c in Sources */ = {isa = PBXBuildFile; fileRef = 17A800A3132EA22400AEB472 /* compress.c */; };
		17A800C3132EA22400AEB472 /* crc32.c in Sources */ = {isa = PBXBuildFile; fileRef = 17A800A4132EA22400AEB472 /* crc32.c */; };
		17A800C4132EA22400AEB472 /* deflate.c in Sources */ = {isa = PBXBuildFile; fileRef = 17A800A6132EA22400AEB472 /* deflate.c */; };
		17A800C5132EA22400AEB472 /* gzio.c in Sources */ = {isa = PBXBuildFile; fileRef = 17A800A8132EA22400AEB472 /* gzio.c */; };
		17A800C6132EA22400AEB472 /* infback.c in Sources */ = {isa = PBXBuildFile; fileRef = 17A800A9132EA22400AEB472 /* infback.c */; };
		17A800C7132EA22400AEB472 /* inffast.c in Sources */ = {isa = PBXBuildFile; fileRef = 17A800AA132EA22400AEB472 /* inffast.c */; };
		17A800C8132EA22400AEB472 /* inflate.c in Sources */ = {isa = PBXBuildFile; fileRef = 17A800AD132EA22400AEB472 /* inflate.c */; };
		17A800C9132EA22400AEB472 /* inftrees.c in Sources */ = {isa = PBXBuildFile; fileRef = 17A800AF132EA22400AEB472 /* inftrees.c */; };
		17A800CA132EA22400AEB472 /* trees.c in Sources */ = {isa = PBXBuildFile; fileRef = 17A800B1132EA22400AEB472 /* trees.c */; };
		17A800CB132EA22400AEB472 /* uncompr.c in Sources */ = {isa = PBXBuildFile; fileRef = 17A800B3132EA22400AEB472 /* uncompr.c */; };
		17A800CC132EA22400AEB472 /* zutil.c in Sources */ = {isa = PBXBuildFile; fileRef = 17A800B6132EA22400AEB472 /* zutil.c */; };
		17BB9D811337AADF00AFCE5F /* README.txt in Resources */ = {isa = PBXBuildFile; fileRef = 17BB9D801337AADF00AFCE5F /* README.txt */; };
		17BB9D9E1337C1B600AFCE5F /* MangaInfoScrollViewController.m in Sources */ = {isa = PBXBuildFile; fileRef = 17BB9D9C1337C1B600AFCE5F /* MangaInfoScrollViewController.m */; };
		17BB9D9F1337C1B600AFCE5F /* MangaInfoScrollViewController.xib in Resources */ = {isa = PBXBuildFile; fileRef = 17BB9D9D1337C1B600AFCE5F /* MangaInfoScrollViewController.xib */; };
		17BB9DA41337E50F00AFCE5F /* PreviewViewController.m in Sources */ = {isa = PBXBuildFile; fileRef = 17BB9DA21337E50F00AFCE5F /* PreviewViewController.m */; };
		17BB9DA51337E50F00AFCE5F /* PreviewViewController.xib in Resources */ = {isa = PBXBuildFile; fileRef = 17BB9DA31337E50F00AFCE5F /* PreviewViewController.xib */; };
/* End PBXBuildFile section */

/* Begin PBXFileReference section */
		17148E2C132044BA00552034 /* Manga.app */ = {isa = PBXFileReference; explicitFileType = wrapper.application; includeInIndex = 0; path = Manga.app; sourceTree = BUILT_PRODUCTS_DIR; };
		17148E30132044BA00552034 /* UIKit.framework */ = {isa = PBXFileReference; lastKnownFileType = wrapper.framework; name = UIKit.framework; path = System/Library/Frameworks/UIKit.framework; sourceTree = SDKROOT; };
		17148E32132044BA00552034 /* Foundation.framework */ = {isa = PBXFileReference; lastKnownFileType = wrapper.framework; name = Foundation.framework; path = System/Library/Frameworks/Foundation.framework; sourceTree = SDKROOT; };
		17148E34132044BA00552034 /* CoreGraphics.framework */ = {isa = PBXFileReference; lastKnownFileType = wrapper.framework; name = CoreGraphics.framework; path = System/Library/Frameworks/CoreGraphics.framework; sourceTree = SDKROOT; };
		17148E38132044BA00552034 /* Manga-Info.plist */ = {isa = PBXFileReference; lastKnownFileType = text.plist.xml; path = "Manga-Info.plist"; sourceTree = "<group>"; };
		17148E3A132044BA00552034 /* en */ = {isa = PBXFileReference; lastKnownFileType = text.plist.strings; name = en; path = en.lproj/InfoPlist.strings; sourceTree = "<group>"; };
		17148E3C132044BA00552034 /* Manga-Prefix.pch */ = {isa = PBXFileReference; lastKnownFileType = sourcecode.c.h; path = "Manga-Prefix.pch"; sourceTree = "<group>"; };
		17148E3D132044BA00552034 /* main.m */ = {isa = PBXFileReference; lastKnownFileType = sourcecode.c.objc; path = main.m; sourceTree = "<group>"; };
		17148E3F132044BA00552034 /* MangaAppDelegate.h */ = {isa = PBXFileReference; lastKnownFileType = sourcecode.c.h; path = MangaAppDelegate.h; sourceTree = "<group>"; };
		17148E40132044BA00552034 /* MangaAppDelegate.m */ = {isa = PBXFileReference; lastKnownFileType = sourcecode.c.objc; path = MangaAppDelegate.m; sourceTree = "<group>"; };
		17148E43132044BA00552034 /* en */ = {isa = PBXFileReference; lastKnownFileType = file.xib; name = en; path = en.lproj/MainWindow.xib; sourceTree = "<group>"; };
		17148E45132044BA00552034 /* RootViewController.h */ = {isa = PBXFileReference; lastKnownFileType = sourcecode.c.h; path = RootViewController.h; sourceTree = "<group>"; };
		17148E46132044BA00552034 /* RootViewController.m */ = {isa = PBXFileReference; lastKnownFileType = sourcecode.c.objc; path = RootViewController.m; sourceTree = "<group>"; };
		17148E49132044BA00552034 /* en */ = {isa = PBXFileReference; lastKnownFileType = file.xib; name = en; path = en.lproj/RootViewController.xib; sourceTree = "<group>"; };
		1723B5321354D35A009FB2EA /* appbg.png */ = {isa = PBXFileReference; lastKnownFileType = image.png; path = appbg.png; sourceTree = "<group>"; };
		1723B5351354D94C009FB2EA /* headerbar.png */ = {isa = PBXFileReference; lastKnownFileType = image.png; path = headerbar.png; sourceTree = "<group>"; };
		172C165113423A7D00495BDD /* MangaViewController.h */ = {isa = PBXFileReference; fileEncoding = 4; lastKnownFileType = sourcecode.c.h; path = MangaViewController.h; sourceTree = "<group>"; };
		172C165213423A7D00495BDD /* MangaViewController.m */ = {isa = PBXFileReference; fileEncoding = 4; lastKnownFileType = sourcecode.c.objc; path = MangaViewController.m; sourceTree = "<group>"; };
		172C165313423A7D00495BDD /* MangaViewController.xib */ = {isa = PBXFileReference; fileEncoding = 4; lastKnownFileType = file.xib; path = MangaViewController.xib; sourceTree = "<group>"; };
		172F36FA1354CF2800125CFB /* Default@2x.png */ = {isa = PBXFileReference; lastKnownFileType = image.png; name = "Default@2x.png"; path = "../Default@2x.png"; sourceTree = "<group>"; };
		172F36FD1354CF5800125CFB /* imageloading@2x.png */ = {isa = PBXFileReference; lastKnownFileType = image.png; name = "imageloading@2x.png"; path = "../imageloading@2x.png"; sourceTree = "<group>"; };
		1730D5ED132D7B6D00923309 /* FileUtils.h */ = {isa = PBXFileReference; fileEncoding = 4; lastKnownFileType = sourcecode.c.h; path = FileUtils.h; sourceTree = "<group>"; };
		1730D5EE132D7B6D00923309 /* FileUtils.m */ = {isa = PBXFileReference; fileEncoding = 4; lastKnownFileType = sourcecode.c.objc; path = FileUtils.m; sourceTree = "<group>"; };
		1730D5F2132D839100923309 /* loading.png */ = {isa = PBXFileReference; lastKnownFileType = image.png; path = loading.png; sourceTree = "<group>"; };
		173F23961332ABA2003647F0 /* ReadMangaViewController.h */ = {isa = PBXFileReference; fileEncoding = 4; lastKnownFileType = sourcecode.c.h; path = ReadMangaViewController.h; sourceTree = "<group>"; };
		173F23971332ABA2003647F0 /* ReadMangaViewController.m */ = {isa = PBXFileReference; fileEncoding = 4; lastKnownFileType = sourcecode.c.objc; path = ReadMangaViewController.m; sourceTree = "<group>"; };
		173F23981332ABA2003647F0 /* ReadMangaViewController.xib */ = {isa = PBXFileReference; fileEncoding = 4; lastKnownFileType = file.xib; path = ReadMangaViewController.xib; sourceTree = "<group>"; };
		174CC773132FED60002B4589 /* Icon@2x.png */ = {isa = PBXFileReference; lastKnownFileType = image.png; name = "Icon@2x.png"; path = "../Icon@2x.png"; sourceTree = "<group>"; };
		174CC775132FED6A002B4589 /* Icon.png */ = {isa = PBXFileReference; lastKnownFileType = image.png; name = Icon.png; path = ../Icon.png; sourceTree = "<group>"; };
		17543A62135B895300723919 /* LeavesCache.h */ = {isa = PBXFileReference; fileEncoding = 4; lastKnownFileType = sourcecode.c.h; path = LeavesCache.h; sourceTree = "<group>"; };
		17543A63135B895300723919 /* LeavesCache.m */ = {isa = PBXFileReference; fileEncoding = 4; lastKnownFileType = sourcecode.c.objc; path = LeavesCache.m; sourceTree = "<group>"; };
		17543A64135B895300723919 /* LeavesView.h */ = {isa = PBXFileReference; fileEncoding = 4; lastKnownFileType = sourcecode.c.h; path = LeavesView.h; sourceTree = "<group>"; };
		17543A65135B895300723919 /* LeavesView.m */ = {isa = PBXFileReference; fileEncoding = 4; lastKnownFileType = sourcecode.c.objc; path = LeavesView.m; sourceTree = "<group>"; };
		17543A66135B895300723919 /* LeavesViewController.h */ = {isa = PBXFileReference; fileEncoding = 4; lastKnownFileType = sourcecode.c.h; path = LeavesViewController.h; sourceTree = "<group>"; };
		17543A67135B895300723919 /* LeavesViewController.m */ = {isa = PBXFileReference; fileEncoding = 4; lastKnownFileType = sourcecode.c.objc; path = LeavesViewController.m; sourceTree = "<group>"; };
		178B4959132E626200C2661F /* MangaDetailView.h */ = {isa = PBXFileReference; fileEncoding = 4; lastKnownFileType = sourcecode.c.h; path = MangaDetailView.h; sourceTree = "<group>"; };
		178B495A132E626200C2661F /* MangaDetailView.m */ = {isa = PBXFileReference; fileEncoding = 4; lastKnownFileType = sourcecode.c.objc; path = MangaDetailView.m; sourceTree = "<group>"; };
		178B4962132E63F100C2661F /* QuartzCore.framework */ = {isa = PBXFileReference; lastKnownFileType = wrapper.framework; name = QuartzCore.framework; path = System/Library/Frameworks/QuartzCore.framework; sourceTree = SDKROOT; };
		17A523191337A2ED00F881FB /* ReadMeDetailView.h */ = {isa = PBXFileReference; fileEncoding = 4; lastKnownFileType = sourcecode.c.h; name = ReadMeDetailView.h; path = Manga.xcodeproj/ReadMeDetailView.h; sourceTree = SOURCE_ROOT; };
		17A5231A1337A2ED00F881FB /* ReadMeDetailView.m */ = {isa = PBXFileReference; fileEncoding = 4; lastKnownFileType = sourcecode.c.objc; name = ReadMeDetailView.m; path = Manga.xcodeproj/ReadMeDetailView.m; sourceTree = SOURCE_ROOT; };
		17A8008D132EA22300AEB472 /* crypt.h */ = {isa = PBXFileReference; fileEncoding = 4; lastKnownFileType = sourcecode.c.h; path = crypt.h; sourceTree = "<group>"; };
		17A8008E132EA22300AEB472 /* ioapi.c */ = {isa = PBXFileReference; fileEncoding = 4; lastKnownFileType = sourcecode.c.c; path = ioapi.c; sourceTree = "<group>"; };
		17A8008F132EA22300AEB472 /* ioapi.h */ = {isa = PBXFileReference; fileEncoding = 4; lastKnownFileType = sourcecode.c.h; path = ioapi.h; sourceTree = "<group>"; };
		17A80090132EA22300AEB472 /* mztools.c */ = {isa = PBXFileReference; fileEncoding = 4; lastKnownFileType = sourcecode.c.c; path = mztools.c; sourceTree = "<group>"; };
		17A80091132EA22300AEB472 /* mztools.h */ = {isa = PBXFileReference; fileEncoding = 4; lastKnownFileType = sourcecode.c.h; path = mztools.h; sourceTree = "<group>"; };
		17A80092132EA22300AEB472 /* unzip.c */ = {isa = PBXFileReference; fileEncoding = 4; lastKnownFileType = sourcecode.c.c; path = unzip.c; sourceTree = "<group>"; };
		17A80093132EA22400AEB472 /* unzip.h */ = {isa = PBXFileReference; fileEncoding = 4; lastKnownFileType = sourcecode.c.h; path = unzip.h; sourceTree = "<group>"; };
		17A80094132EA22400AEB472 /* zip.c */ = {isa = PBXFileReference; fileEncoding = 4; lastKnownFileType = sourcecode.c.c; path = zip.c; sourceTree = "<group>"; };
		17A80095132EA22400AEB472 /* zip.h */ = {isa = PBXFileReference; fileEncoding = 4; lastKnownFileType = sourcecode.c.h; path = zip.h; sourceTree = "<group>"; };
		17A80097132EA22400AEB472 /* FileInZipInfo.h */ = {isa = PBXFileReference; fileEncoding = 4; lastKnownFileType = sourcecode.c.h; path = FileInZipInfo.h; sourceTree = "<group>"; };
		17A80098132EA22400AEB472 /* FileInZipInfo.m */ = {isa = PBXFileReference; fileEncoding = 4; lastKnownFileType = sourcecode.c.objc; path = FileInZipInfo.m; sourceTree = "<group>"; };
		17A80099132EA22400AEB472 /* ZipException.h */ = {isa = PBXFileReference; fileEncoding = 4; lastKnownFileType = sourcecode.c.h; path = ZipException.h; sourceTree = "<group>"; };
		17A8009A132EA22400AEB472 /* ZipException.m */ = {isa = PBXFileReference; fileEncoding = 4; lastKnownFileType = sourcecode.c.objc; path = ZipException.m; sourceTree = "<group>"; };
		17A8009B132EA22400AEB472 /* ZipFile.h */ = {isa = PBXFileReference; fileEncoding = 4; lastKnownFileType = sourcecode.c.h; path = ZipFile.h; sourceTree = "<group>"; };
		17A8009C132EA22400AEB472 /* ZipFile.m */ = {isa = PBXFileReference; fileEncoding = 4; lastKnownFileType = sourcecode.c.objc; path = ZipFile.m; sourceTree = "<group>"; };
		17A8009D132EA22400AEB472 /* ZipReadStream.h */ = {isa = PBXFileReference; fileEncoding = 4; lastKnownFileType = sourcecode.c.h; path = ZipReadStream.h; sourceTree = "<group>"; };
		17A8009E132EA22400AEB472 /* ZipReadStream.m */ = {isa = PBXFileReference; fileEncoding = 4; lastKnownFileType = sourcecode.c.objc; path = ZipReadStream.m; sourceTree = "<group>"; };
		17A8009F132EA22400AEB472 /* ZipWriteStream.h */ = {isa = PBXFileReference; fileEncoding = 4; lastKnownFileType = sourcecode.c.h; path = ZipWriteStream.h; sourceTree = "<group>"; };
		17A800A0132EA22400AEB472 /* ZipWriteStream.m */ = {isa = PBXFileReference; fileEncoding = 4; lastKnownFileType = sourcecode.c.objc; path = ZipWriteStream.m; sourceTree = "<group>"; };
		17A800A2132EA22400AEB472 /* adler32.c */ = {isa = PBXFileReference; fileEncoding = 4; lastKnownFileType = sourcecode.c.c; path = adler32.c; sourceTree = "<group>"; };
		17A800A3132EA22400AEB472 /* compress.c */ = {isa = PBXFileReference; fileEncoding = 4; lastKnownFileType = sourcecode.c.c; path = compress.c; sourceTree = "<group>"; };
		17A800A4132EA22400AEB472 /* crc32.c */ = {isa = PBXFileReference; fileEncoding = 4; lastKnownFileType = sourcecode.c.c; path = crc32.c; sourceTree = "<group>"; };
		17A800A5132EA22400AEB472 /* crc32.h */ = {isa = PBXFileReference; fileEncoding = 4; lastKnownFileType = sourcecode.c.h; path = crc32.h; sourceTree = "<group>"; };
		17A800A6132EA22400AEB472 /* deflate.c */ = {isa = PBXFileReference; fileEncoding = 4; lastKnownFileType = sourcecode.c.c; path = deflate.c; sourceTree = "<group>"; };
		17A800A7132EA22400AEB472 /* deflate.h */ = {isa = PBXFileReference; fileEncoding = 4; lastKnownFileType = sourcecode.c.h; path = deflate.h; sourceTree = "<group>"; };
		17A800A8132EA22400AEB472 /* gzio.c */ = {isa = PBXFileReference; fileEncoding = 4; lastKnownFileType = sourcecode.c.c; path = gzio.c; sourceTree = "<group>"; };
		17A800A9132EA22400AEB472 /* infback.c */ = {isa = PBXFileReference; fileEncoding = 4; lastKnownFileType = sourcecode.c.c; path = infback.c; sourceTree = "<group>"; };
		17A800AA132EA22400AEB472 /* inffast.c */ = {isa = PBXFileReference; fileEncoding = 4; lastKnownFileType = sourcecode.c.c; path = inffast.c; sourceTree = "<group>"; };
		17A800AB132EA22400AEB472 /* inffast.h */ = {isa = PBXFileReference; fileEncoding = 4; lastKnownFileType = sourcecode.c.h; path = inffast.h; sourceTree = "<group>"; };
		17A800AC132EA22400AEB472 /* inffixed.h */ = {isa = PBXFileReference; fileEncoding = 4; lastKnownFileType = sourcecode.c.h; path = inffixed.h; sourceTree = "<group>"; };
		17A800AD132EA22400AEB472 /* inflate.c */ = {isa = PBXFileReference; fileEncoding = 4; lastKnownFileType = sourcecode.c.c; path = inflate.c; sourceTree = "<group>"; };
		17A800AE132EA22400AEB472 /* inflate.h */ = {isa = PBXFileReference; fileEncoding = 4; lastKnownFileType = sourcecode.c.h; path = inflate.h; sourceTree = "<group>"; };
		17A800AF132EA22400AEB472 /* inftrees.c */ = {isa = PBXFileReference; fileEncoding = 4; lastKnownFileType = sourcecode.c.c; path = inftrees.c; sourceTree = "<group>"; };
		17A800B0132EA22400AEB472 /* inftrees.h */ = {isa = PBXFileReference; fileEncoding = 4; lastKnownFileType = sourcecode.c.h; path = inftrees.h; sourceTree = "<group>"; };
		17A800B1132EA22400AEB472 /* trees.c */ = {isa = PBXFileReference; fileEncoding = 4; lastKnownFileType = sourcecode.c.c; path = trees.c; sourceTree = "<group>"; };
		17A800B2132EA22400AEB472 /* trees.h */ = {isa = PBXFileReference; fileEncoding = 4; lastKnownFileType = sourcecode.c.h; path = trees.h; sourceTree = "<group>"; };
		17A800B3132EA22400AEB472 /* uncompr.c */ = {isa = PBXFileReference; fileEncoding = 4; lastKnownFileType = sourcecode.c.c; path = uncompr.c; sourceTree = "<group>"; };
		17A800B4132EA22400AEB472 /* zconf.h */ = {isa = PBXFileReference; fileEncoding = 4; lastKnownFileType = sourcecode.c.h; path = zconf.h; sourceTree = "<group>"; };
		17A800B5132EA22400AEB472 /* zlib.h */ = {isa = PBXFileReference; fileEncoding = 4; lastKnownFileType = sourcecode.c.h; path = zlib.h; sourceTree = "<group>"; };
		17A800B6132EA22400AEB472 /* zutil.c */ = {isa = PBXFileReference; fileEncoding = 4; lastKnownFileType = sourcecode.c.c; path = zutil.c; sourceTree = "<group>"; };
		17A800B7132EA22400AEB472 /* zutil.h */ = {isa = PBXFileReference; fileEncoding = 4; lastKnownFileType = sourcecode.c.h; path = zutil.h; sourceTree = "<group>"; };
		17BB9D801337AADF00AFCE5F /* README.txt */ = {isa = PBXFileReference; fileEncoding = 4; lastKnownFileType = text; path = README.txt; sourceTree = "<group>"; };
		17BB9D9B1337C1B600AFCE5F /* MangaInfoScrollViewController.h */ = {isa = PBXFileReference; fileEncoding = 4; lastKnownFileType = sourcecode.c.h; path = MangaInfoScrollViewController.h; sourceTree = "<group>"; };
		17BB9D9C1337C1B600AFCE5F /* MangaInfoScrollViewController.m */ = {isa = PBXFileReference; fileEncoding = 4; lastKnownFileType = sourcecode.c.objc; path = MangaInfoScrollViewController.m; sourceTree = "<group>"; };
		17BB9D9D1337C1B600AFCE5F /* MangaInfoScrollViewController.xib */ = {isa = PBXFileReference; fileEncoding = 4; lastKnownFileType = file.xib; path = MangaInfoScrollViewController.xib; sourceTree = "<group>"; };
		17BB9DA11337E50F00AFCE5F /* PreviewViewController.h */ = {isa = PBXFileReference; fileEncoding = 4; lastKnownFileType = sourcecode.c.h; path = PreviewViewController.h; sourceTree = "<group>"; };
		17BB9DA21337E50F00AFCE5F /* PreviewViewController.m */ = {isa = PBXFileReference; fileEncoding = 4; lastKnownFileType = sourcecode.c.objc; path = PreviewViewController.m; sourceTree = "<group>"; };
		17BB9DA31337E50F00AFCE5F /* PreviewViewController.xib */ = {isa = PBXFileReference; fileEncoding = 4; lastKnownFileType = file.xib; path = PreviewViewController.xib; sourceTree = "<group>"; };
/* End PBXFileReference section */

/* Begin PBXFrameworksBuildPhase section */
		17148E29132044B900552034 /* Frameworks */ = {
			isa = PBXFrameworksBuildPhase;
			buildActionMask = 2147483647;
			files = (
				178B4963132E63F100C2661F /* QuartzCore.framework in Frameworks */,
				17148E31132044BA00552034 /* UIKit.framework in Frameworks */,
				17148E33132044BA00552034 /* Foundation.framework in Frameworks */,
				17148E35132044BA00552034 /* CoreGraphics.framework in Frameworks */,
			);
			runOnlyForDeploymentPostprocessing = 0;
		};
/* End PBXFrameworksBuildPhase section */

/* Begin PBXGroup section */
		17148E21132044B900552034 = {
			isa = PBXGroup;
			children = (
				17BB9D801337AADF00AFCE5F /* README.txt */,
				17148E36132044BA00552034 /* Manga */,
				17148E2F132044BA00552034 /* Frameworks */,
				17148E2D132044BA00552034 /* Products */,
			);
			sourceTree = "<group>";
		};
		17148E2D132044BA00552034 /* Products */ = {
			isa = PBXGroup;
			children = (
				17148E2C132044BA00552034 /* Manga.app */,
			);
			name = Products;
			sourceTree = "<group>";
		};
		17148E2F132044BA00552034 /* Frameworks */ = {
			isa = PBXGroup;
			children = (
				178B4962132E63F100C2661F /* QuartzCore.framework */,
				17148E30132044BA00552034 /* UIKit.framework */,
				17148E32132044BA00552034 /* Foundation.framework */,
				17148E34132044BA00552034 /* CoreGraphics.framework */,
			);
			name = Frameworks;
			sourceTree = "<group>";
		};
		17148E36132044BA00552034 /* Manga */ = {
			isa = PBXGroup;
			children = (
				17543A6B135B896100723919 /* Leaves */,
				174CC78E133004CB002B4589 /* ViewControllers */,
				17A8008A132EA21300AEB472 /* Zip */,
				178B4958132E624300C2661F /* SubViews */,
				17148E3F132044BA00552034 /* MangaAppDelegate.h */,
				17148E40132044BA00552034 /* MangaAppDelegate.m */,
				17148E42132044BA00552034 /* MainWindow.xib */,
				17148E37132044BA00552034 /* Supporting Files */,
			);
			path = Manga;
			sourceTree = "<group>";
		};
		17148E37132044BA00552034 /* Supporting Files */ = {
			isa = PBXGroup;
			children = (
				174CC778132FED88002B4589 /* Images */,
				1730D5ED132D7B6D00923309 /* FileUtils.h */,
				1730D5EE132D7B6D00923309 /* FileUtils.m */,
				17148E38132044BA00552034 /* Manga-Info.plist */,
				17148E39132044BA00552034 /* InfoPlist.strings */,
				17148E3C132044BA00552034 /* Manga-Prefix.pch */,
				17148E3D132044BA00552034 /* main.m */,
			);
			name = "Supporting Files";
			sourceTree = "<group>";
		};
		172C165713423A8700495BDD /* MangaViewController */ = {
			isa = PBXGroup;
			children = (
				172C165113423A7D00495BDD /* MangaViewController.h */,
				172C165213423A7D00495BDD /* MangaViewController.m */,
				172C165313423A7D00495BDD /* MangaViewController.xib */,
			);
			name = MangaViewController;
			sourceTree = "<group>";
		};
		172F36FF1354CFD300125CFB /* Icon */ = {
			isa = PBXGroup;
			children = (
				174CC775132FED6A002B4589 /* Icon.png */,
				174CC773132FED60002B4589 /* Icon@2x.png */,
			);
			name = Icon;
			sourceTree = "<group>";
		};
		174CC778132FED88002B4589 /* Images */ = {
			isa = PBXGroup;
			children = (
				1723B5351354D94C009FB2EA /* headerbar.png */,
				1723B5321354D35A009FB2EA /* appbg.png */,
				172F36FF1354CFD300125CFB /* Icon */,
				172F36FA1354CF2800125CFB /* Default@2x.png */,
				172F36FD1354CF5800125CFB /* imageloading@2x.png */,
				1730D5F2132D839100923309 /* loading.png */,
			);
			name = Images;
			sourceTree = "<group>";
		};
		174CC78C1330049E002B4589 /* ReadMangaViewController */ = {
			isa = PBXGroup;
			children = (
				173F23961332ABA2003647F0 /* ReadMangaViewController.h */,
				173F23971332ABA2003647F0 /* ReadMangaViewController.m */,
				173F23981332ABA2003647F0 /* ReadMangaViewController.xib */,
			);
			name = ReadMangaViewController;
			sourceTree = "<group>";
		};
		174CC78D133004B7002B4589 /* RootViewController */ = {
			isa = PBXGroup;
			children = (
				17148E45132044BA00552034 /* RootViewController.h */,
				17148E46132044BA00552034 /* RootViewController.m */,
				17148E48132044BA00552034 /* RootViewController.xib */,
			);
			name = RootViewController;
			sourceTree = "<group>";
		};
		174CC78E133004CB002B4589 /* ViewControllers */ = {
			isa = PBXGroup;
			children = (
				174CC78D133004B7002B4589 /* RootViewController */,
				17D65E3A133AAEED0084CFD4 /* MangaDetails */,
				172C165713423A8700495BDD /* MangaViewController */,
			);
			name = ViewControllers;
			sourceTree = "<group>";
		};
		17543A6B135B896100723919 /* Leaves */ = {
			isa = PBXGroup;
			children = (
				17543A62135B895300723919 /* LeavesCache.h */,
				17543A63135B895300723919 /* LeavesCache.m */,
				17543A64135B895300723919 /* LeavesView.h */,
				17543A65135B895300723919 /* LeavesView.m */,
				17543A66135B895300723919 /* LeavesViewController.h */,
				17543A67135B895300723919 /* LeavesViewController.m */,
			);
			name = Leaves;
			sourceTree = "<group>";
		};
		178B4958132E624300C2661F /* SubViews */ = {
			isa = PBXGroup;
			children = (
				17A523191337A2ED00F881FB /* ReadMeDetailView.h */,
				17A5231A1337A2ED00F881FB /* ReadMeDetailView.m */,
				178B4959132E626200C2661F /* MangaDetailView.h */,
				178B495A132E626200C2661F /* MangaDetailView.m */,
			);
			name = SubViews;
			sourceTree = "<group>";
		};
		17A8008A132EA21300AEB472 /* Zip */ = {
			isa = PBXGroup;
			children = (
				17A8008C132EA22300AEB472 /* MiniZip */,
				17A80096132EA22400AEB472 /* Objective-Zip */,
				17A800A1132EA22400AEB472 /* ZLib */,
			);
			name = Zip;
			sourceTree = "<group>";
		};
		17A8008C132EA22300AEB472 /* MiniZip */ = {
			isa = PBXGroup;
			children = (
				17A8008D132EA22300AEB472 /* crypt.h */,
				17A8008E132EA22300AEB472 /* ioapi.c */,
				17A8008F132EA22300AEB472 /* ioapi.h */,
				17A80090132EA22300AEB472 /* mztools.c */,
				17A80091132EA22300AEB472 /* mztools.h */,
				17A80092132EA22300AEB472 /* unzip.c */,
				17A80093132EA22400AEB472 /* unzip.h */,
				17A80094132EA22400AEB472 /* zip.c */,
				17A80095132EA22400AEB472 /* zip.h */,
			);
			path = MiniZip;
			sourceTree = "<group>";
		};
		17A80096132EA22400AEB472 /* Objective-Zip */ = {
			isa = PBXGroup;
			children = (
				17A80097132EA22400AEB472 /* FileInZipInfo.h */,
				17A80098132EA22400AEB472 /* FileInZipInfo.m */,
				17A80099132EA22400AEB472 /* ZipException.h */,
				17A8009A132EA22400AEB472 /* ZipException.m */,
				17A8009B132EA22400AEB472 /* ZipFile.h */,
				17A8009C132EA22400AEB472 /* ZipFile.m */,
				17A8009D132EA22400AEB472 /* ZipReadStream.h */,
				17A8009E132EA22400AEB472 /* ZipReadStream.m */,
				17A8009F132EA22400AEB472 /* ZipWriteStream.h */,
				17A800A0132EA22400AEB472 /* ZipWriteStream.m */,
			);
			path = "Objective-Zip";
			sourceTree = "<group>";
		};
		17A800A1132EA22400AEB472 /* ZLib */ = {
			isa = PBXGroup;
			children = (
				17A800A2132EA22400AEB472 /* adler32.c */,
				17A800A3132EA22400AEB472 /* compress.c */,
				17A800A4132EA22400AEB472 /* crc32.c */,
				17A800A5132EA22400AEB472 /* crc32.h */,
				17A800A6132EA22400AEB472 /* deflate.c */,
				17A800A7132EA22400AEB472 /* deflate.h */,
				17A800A8132EA22400AEB472 /* gzio.c */,
				17A800A9132EA22400AEB472 /* infback.c */,
				17A800AA132EA22400AEB472 /* inffast.c */,
				17A800AB132EA22400AEB472 /* inffast.h */,
				17A800AC132EA22400AEB472 /* inffixed.h */,
				17A800AD132EA22400AEB472 /* inflate.c */,
				17A800AE132EA22400AEB472 /* inflate.h */,
				17A800AF132EA22400AEB472 /* inftrees.c */,
				17A800B0132EA22400AEB472 /* inftrees.h */,
				17A800B1132EA22400AEB472 /* trees.c */,
				17A800B2132EA22400AEB472 /* trees.h */,
				17A800B3132EA22400AEB472 /* uncompr.c */,
				17A800B4132EA22400AEB472 /* zconf.h */,
				17A800B5132EA22400AEB472 /* zlib.h */,
				17A800B6132EA22400AEB472 /* zutil.c */,
				17A800B7132EA22400AEB472 /* zutil.h */,
			);
			path = ZLib;
			sourceTree = "<group>";
		};
		17BB9D9A1337C17C00AFCE5F /* MangaInfoViewController */ = {
			isa = PBXGroup;
			children = (
				17BB9D9B1337C1B600AFCE5F /* MangaInfoScrollViewController.h */,
				17BB9D9C1337C1B600AFCE5F /* MangaInfoScrollViewController.m */,
				17BB9D9D1337C1B600AFCE5F /* MangaInfoScrollViewController.xib */,
			);
			name = MangaInfoViewController;
			sourceTree = "<group>";
		};
		17BB9DA01337E4DA00AFCE5F /* PreviewViewController */ = {
			isa = PBXGroup;
			children = (
				17BB9DA11337E50F00AFCE5F /* PreviewViewController.h */,
				17BB9DA21337E50F00AFCE5F /* PreviewViewController.m */,
				17BB9DA31337E50F00AFCE5F /* PreviewViewController.xib */,
			);
			name = PreviewViewController;
			sourceTree = "<group>";
		};
		17D65E3A133AAEED0084CFD4 /* MangaDetails */ = {
			isa = PBXGroup;
			children = (
				17BB9DA01337E4DA00AFCE5F /* PreviewViewController */,
				174CC78C1330049E002B4589 /* ReadMangaViewController */,
				17BB9D9A1337C17C00AFCE5F /* MangaInfoViewController */,
			);
			name = MangaDetails;
			sourceTree = "<group>";
		};
/* End PBXGroup section */

/* Begin PBXNativeTarget section */
		17148E2B132044B900552034 /* Manga */ = {
			isa = PBXNativeTarget;
			buildConfigurationList = 17148E4D132044BA00552034 /* Build configuration list for PBXNativeTarget "Manga" */;
			buildPhases = (
				17148E28132044B900552034 /* Sources */,
				17148E29132044B900552034 /* Frameworks */,
				17148E2A132044B900552034 /* Resources */,
			);
			buildRules = (
			);
			dependencies = (
			);
			name = Manga;
			productName = Manga;
			productReference = 17148E2C132044BA00552034 /* Manga.app */;
			productType = "com.apple.product-type.application";
		};
/* End PBXNativeTarget section */

/* Begin PBXProject section */
		17148E23132044B900552034 /* Project object */ = {
			isa = PBXProject;
			buildConfigurationList = 17148E26132044B900552034 /* Build configuration list for PBXProject "Manga" */;
			compatibilityVersion = "Xcode 3.2";
			developmentRegion = English;
			hasScannedForEncodings = 0;
			knownRegions = (
				en,
			);
			mainGroup = 17148E21132044B900552034;
			productRefGroup = 17148E2D132044BA00552034 /* Products */;
			projectDirPath = "";
			projectRoot = "";
			targets = (
				17148E2B132044B900552034 /* Manga */,
			);
		};
/* End PBXProject section */

/* Begin PBXResourcesBuildPhase section */
		17148E2A132044B900552034 /* Resources */ = {
			isa = PBXResourcesBuildPhase;
			buildActionMask = 2147483647;
			files = (
				17148E3B132044BA00552034 /* InfoPlist.strings in Resources */,
				17148E44132044BA00552034 /* MainWindow.xib in Resources */,
				17148E4A132044BA00552034 /* RootViewController.xib in Resources */,
				1730D5F3132D839100923309 /* loading.png in Resources */,
				174CC774132FED60002B4589 /* Icon@2x.png in Resources */,
				174CC776132FED6A002B4589 /* Icon.png in Resources */,
				173F239A1332ABA2003647F0 /* ReadMangaViewController.xib in Resources */,
				17BB9D811337AADF00AFCE5F /* README.txt in Resources */,
				17BB9D9F1337C1B600AFCE5F /* MangaInfoScrollViewController.xib in Resources */,
				17BB9DA51337E50F00AFCE5F /* PreviewViewController.xib in Resources */,
				172C165513423A7D00495BDD /* MangaViewController.xib in Resources */,
				172F36FB1354CF2800125CFB /* Default@2x.png in Resources */,
				172F36FE1354CF5800125CFB /* imageloading@2x.png in Resources */,
				1723B5331354D35A009FB2EA /* appbg.png in Resources */,
				1723B5361354D94C009FB2EA /* headerbar.png in Resources */,
			);
			runOnlyForDeploymentPostprocessing = 0;
		};
/* End PBXResourcesBuildPhase section */

/* Begin PBXSourcesBuildPhase section */
		17148E28132044B900552034 /* Sources */ = {
			isa = PBXSourcesBuildPhase;
			buildActionMask = 2147483647;
			files = (
				17148E3E132044BA00552034 /* main.m in Sources */,
				17148E41132044BA00552034 /* MangaAppDelegate.m in Sources */,
				17148E47132044BA00552034 /* RootViewController.m in Sources */,
				1730D5EF132D7B6D00923309 /* FileUtils.m in Sources */,
				178B495B132E626200C2661F /* MangaDetailView.m in Sources */,
				17A800B8132EA22400AEB472 /* ioapi.c in Sources */,
				17A800B9132EA22400AEB472 /* mztools.c in Sources */,
				17A800BA132EA22400AEB472 /* unzip.c in Sources */,
				17A800BB132EA22400AEB472 /* zip.c in Sources */,
				17A800BC132EA22400AEB472 /* FileInZipInfo.m in Sources */,
				17A800BD132EA22400AEB472 /* ZipException.m in Sources */,
				17A800BE132EA22400AEB472 /* ZipFile.m in Sources */,
				17A800BF132EA22400AEB472 /* ZipReadStream.m in Sources */,
				17A800C0132EA22400AEB472 /* ZipWriteStream.m in Sources */,
				17A800C1132EA22400AEB472 /* adler32.c in Sources */,
				17A800C2132EA22400AEB472 /* compress.c in Sources */,
				17A800C3132EA22400AEB472 /* crc32.c in Sources */,
				17A800C4132EA22400AEB472 /* deflate.c in Sources */,
				17A800C5132EA22400AEB472 /* gzio.c in Sources */,
				17A800C6132EA22400AEB472 /* infback.c in Sources */,
				17A800C7132EA22400AEB472 /* inffast.c in Sources */,
				17A800C8132EA22400AEB472 /* inflate.c in Sources */,
				17A800C9132EA22400AEB472 /* inftrees.c in Sources */,
				17A800CA132EA22400AEB472 /* trees.c in Sources */,
				17A800CB132EA22400AEB472 /* uncompr.c in Sources */,
				17A800CC132EA22400AEB472 /* zutil.c in Sources */,
				173F23991332ABA2003647F0 /* ReadMangaViewController.m in Sources */,
				17A5231B1337A2ED00F881FB /* ReadMeDetailView.m in Sources */,
				17BB9D9E1337C1B600AFCE5F /* MangaInfoScrollViewController.m in Sources */,
				17BB9DA41337E50F00AFCE5F /* PreviewViewController.m in Sources */,
				172C165413423A7D00495BDD /* MangaViewController.m in Sources */,
				17543A68135B895300723919 /* LeavesCache.m in Sources */,
				17543A69135B895300723919 /* LeavesView.m in Sources */,
				17543A6A135B895300723919 /* LeavesViewController.m in Sources */,
			);
			runOnlyForDeploymentPostprocessing = 0;
		};
/* End PBXSourcesBuildPhase section */

/* Begin PBXVariantGroup section */
		17148E39132044BA00552034 /* InfoPlist.strings */ = {
			isa = PBXVariantGroup;
			children = (
				17148E3A132044BA00552034 /* en */,
			);
			name = InfoPlist.strings;
			sourceTree = "<group>";
		};
		17148E42132044BA00552034 /* MainWindow.xib */ = {
			isa = PBXVariantGroup;
			children = (
				17148E43132044BA00552034 /* en */,
			);
			name = MainWindow.xib;
			sourceTree = "<group>";
		};
		17148E48132044BA00552034 /* RootViewController.xib */ = {
			isa = PBXVariantGroup;
			children = (
				17148E49132044BA00552034 /* en */,
			);
			name = RootViewController.xib;
			sourceTree = "<group>";
		};
/* End PBXVariantGroup section */

/* Begin XCBuildConfiguration section */
		17148E4B132044BA00552034 /* Debug */ = {
			isa = XCBuildConfiguration;
			buildSettings = {
				ARCHS = "$(ARCHS_STANDARD_32_BIT)";
				"CODE_SIGN_IDENTITY[sdk=iphoneos*]" = "iPhone Developer";
				GCC_C_LANGUAGE_STANDARD = gnu99;
				GCC_OPTIMIZATION_LEVEL = 0;
				GCC_PREPROCESSOR_DEFINITIONS = DEBUG;
				GCC_VERSION = com.apple.compilers.llvmgcc42;
				GCC_WARN_ABOUT_RETURN_TYPE = YES;
				GCC_WARN_UNUSED_VARIABLE = YES;
				IPHONEOS_DEPLOYMENT_TARGET = 4.2;
				SDKROOT = iphoneos;
			};
			name = Debug;
		};
		17148E4C132044BA00552034 /* Release */ = {
			isa = XCBuildConfiguration;
			buildSettings = {
				ARCHS = "$(ARCHS_STANDARD_32_BIT)";
				"CODE_SIGN_IDENTITY[sdk=iphoneos*]" = "iPhone Developer";
				GCC_C_LANGUAGE_STANDARD = gnu99;
				GCC_VERSION = com.apple.compilers.llvmgcc42;
				GCC_WARN_ABOUT_RETURN_TYPE = YES;
				GCC_WARN_UNUSED_VARIABLE = YES;
				IPHONEOS_DEPLOYMENT_TARGET = 4.2;
				OTHER_CFLAGS = "-DNS_BLOCK_ASSERTIONS=1";
				SDKROOT = iphoneos;
			};
			name = Release;
		};
		17148E4E132044BA00552034 /* Debug */ = {
			isa = XCBuildConfiguration;
			buildSettings = {
				ALWAYS_SEARCH_USER_PATHS = YES;
				COPY_PHASE_STRIP = NO;
				GCC_DYNAMIC_NO_PIC = NO;
				GCC_PRECOMPILE_PREFIX_HEADER = YES;
				GCC_PREFIX_HEADER = "Manga/Manga-Prefix.pch";
				HEADER_SEARCH_PATHS = Users/hiddejansen/Documents/Projects/Tapku/tapkulibrary;
				INFOPLIST_FILE = "Manga/Manga-Info.plist";
				INSTALL_PATH = "$(LOCAL_APPS_DIR)";
				IPHONEOS_DEPLOYMENT_TARGET = 4.2;
				OTHER_LDFLAGS = (
					"-ObjC",
					"-all_load",
				);
				PRODUCT_NAME = "$(TARGET_NAME)";
				WRAPPER_EXTENSION = app;
			};
			name = Debug;
		};
		17148E4F132044BA00552034 /* Release */ = {
			isa = XCBuildConfiguration;
			buildSettings = {
				ALWAYS_SEARCH_USER_PATHS = YES;
				COPY_PHASE_STRIP = YES;
				GCC_PRECOMPILE_PREFIX_HEADER = YES;
				GCC_PREFIX_HEADER = "Manga/Manga-Prefix.pch";
				HEADER_SEARCH_PATHS = Users/hiddejansen/Documents/Projects/Tapku/tapkulibrary;
				INFOPLIST_FILE = "Manga/Manga-Info.plist";
				INSTALL_PATH = "$(LOCAL_APPS_DIR)";
				IPHONEOS_DEPLOYMENT_TARGET = 4.2;
				OTHER_LDFLAGS = (
					"-ObjC",
					"-all_load",
				);
				PRODUCT_NAME = "$(TARGET_NAME)";
				VALIDATE_PRODUCT = YES;
				WRAPPER_EXTENSION = app;
			};
			name = Release;
		};
/* End XCBuildConfiguration section */

/* Begin XCConfigurationList section */
		17148E26132044B900552034 /* Build configuration list for PBXProject "Manga" */ = {
			isa = XCConfigurationList;
			buildConfigurations = (
				17148E4B132044BA00552034 /* Debug */,
				17148E4C132044BA00552034 /* Release */,
			);
			defaultConfigurationIsVisible = 0;
			defaultConfigurationName = Release;
		};
		17148E4D132044BA00552034 /* Build configuration list for PBXNativeTarget "Manga" */ = {
			isa = XCConfigurationList;
			buildConfigurations = (
				17148E4E132044BA00552034 /* Debug */,
				17148E4F132044BA00552034 /* Release */,
			);
			defaultConfigurationIsVisible = 0;
			defaultConfigurationName = Release;
		};
/* End XCConfigurationList section */
	};
	rootObject = 17148E23132044B900552034 /* Project object */;
}
